{
  "name": "heic-converter",
  "version": "1.0.0",
  "lockfileVersion": 1,
  "requires": true,
  "dependencies": {
    "heic-convert": {
      "version": "1.2.4",
      "resolved": "https://registry.npmjs.org/heic-convert/-/heic-convert-1.2.4.tgz",
      "integrity": "sha512-klJHyv+BqbgKiCQvCqI9IKIvweCcohDuDl0Jphearj8+16+v8eff2piVevHqq4dW9TK0r1onTR6PKHP1I4hdbA==",
      "requires": {
        "heic-decode": "^1.1.2",
        "jpeg-js": "^0.4.1",
        "pngjs": "^3.4.0"
      }
    },
    "heic-decode": {
      "version": "1.1.2",
      "resolved": "https://registry.npmjs.org/heic-decode/-/heic-decode-1.1.2.tgz",
      "integrity": "sha512-UF8teegxvzQPdSTcx5frIUhitNDliz/9Pui0JFdIqVRE00spVE33DcCYtZqaLNyd4y5RP/QQWZFIc1YWVKKm2A==",
      "requires": {
        "libheif-js": "^1.10.0"
      }
    },
    "jpeg-js": {
      "version": "0.4.3",
      "resolved": "https://registry.npmjs.org/jpeg-js/-/jpeg-js-0.4.3.tgz",
      "integrity": "sha512-ru1HWKek8octvUHFHvE5ZzQ1yAsJmIvRdGWvSoKV52XKyuyYA437QWDttXT8eZXDSbuMpHlLzPDZUPd6idIz+Q=="
    },
    "libheif-js": {
      "version": "1.10.0",
      "resolved": "https://registry.npmjs.org/libheif-js/-/libheif-js-1.10.0.tgz",
      "integrity": "sha512-o6lxGpy5RmO8aUMnDuHulkLd0g0QFWPWbZ5fjq2SM+E/xpeCTw5l+p//r8dmgKQiPzcXyitLr27gdGOLBIKBfg=="
    },
    "pngjs": {
      "version": "3.4.0",
      "resolved": "https://registry.npmjs.org/pngjs/-/pngjs-3.4.0.tgz",
      "integrity": "sha512-NCrCHhWmnQklfH4MtJMRjZ2a8c80qXeMlQMv2uVp9ISJMTt562SbGd6n2oq0PaPgKm7Z6pL9E2UlLIhC+SHL3w=="
    }
  }
}
